
Microsoft Visual Studio Solution File, Format Version 12.00
# Visual Studio 15
VisualStudioVersion = 15.0.26403.7
MinimumVisualStudioVersion = 10.0.40219.1
Project("{FAE04EC0-301F-11D3-BF4B-00C04F79EFBC}") = "MenuApp.Android", "MenuApp\MenuApp.Android\MenuApp.Android.csproj", "{0C395A6E-EA9E-479F-9B53-5A833F1C4D46}"
EndProject
Project("{FAE04EC0-301F-11D3-BF4B-00C04F79EFBC}") = "MenuApp", "MenuApp\MenuApp\MenuApp.csproj", "{37AE1F97-AC6F-4C09-9A79-C7CBB178B6AB}"
EndProject
Project("{FAE04EC0-301F-11D3-BF4B-00C04F79EFBC}") = "MenuApp.UWP", "MenuApp\MenuApp.UWP\MenuApp.UWP.csproj", "{BF955FF4-373F-438C-8B6D-E8C750BFA1CF}"
EndProject
Project("{FAE04EC0-301F-11D3-BF4B-00C04F79EFBC}") = "MenuApp.iOS", "MenuApp\MenuApp.iOS\MenuApp.iOS.csproj", "{6129B315-3DAD-439F-9352-CF63A6F1023C}"
EndProject
Global
	GlobalSection(SolutionConfigurationPlatforms) = preSolution
		Ad-Hoc|Any CPU = Ad-Hoc|Any CPU
		Ad-Hoc|ARM = Ad-Hoc|ARM
		Ad-Hoc|iPhone = Ad-Hoc|iPhone
		Ad-Hoc|iPhoneSimulator = Ad-Hoc|iPhoneSimulator
		Ad-Hoc|x64 = Ad-Hoc|x64
		Ad-Hoc|x86 = Ad-Hoc|x86
		AppStore|Any CPU = AppStore|Any CPU
		AppStore|ARM = AppStore|ARM
		AppStore|iPhone = AppStore|iPhone
		AppStore|iPhoneSimulator = AppStore|iPhoneSimulator
		AppStore|x64 = AppStore|x64
		AppStore|x86 = AppStore|x86
		Debug|Any CPU = Debug|Any CPU
		Debug|ARM = Debug|ARM
		Debug|iPhone = Debug|iPhone
		Debug|iPhoneSimulator = Debug|iPhoneSimulator
		Debug|x64 = Debug|x64
		Debug|x86 = Debug|x86
		Release|Any CPU = Release|Any CPU
		Release|ARM = Release|ARM
		Release|iPhone = Release|iPhone
		Release|iPhoneSimulator = Release|iPhoneSimulator
		Release|x64 = Release|x64
		Release|x86 = Release|x86
	EndGlobalSection
	GlobalSection(ProjectConfigurationPlatforms) = postSolution
		{0C395A6E-EA9E-479F-9B53-5A833F1C4D46}.Ad-Hoc|Any CPU.ActiveCfg = Release|Any CPU
		{0C395A6E-EA9E-479F-9B53-5A833F1C4D46}.Ad-Hoc|Any CPU.Build.0 = Release|Any CPU
		{0C395A6E-EA9E-479F-9B53-5A833F1C4D46}.Ad-Hoc|Any CPU.Deploy.0 = Release|Any CPU
		{0C395A6E-EA9E-479F-9B53-5A833F1C4D46}.Ad-Hoc|ARM.ActiveCfg = Release|Any CPU
		{0C395A6E-EA9E-479F-9B53-5A833F1C4D46}.Ad-Hoc|ARM.Build.0 = Release|Any CPU
		{0C395A6E-EA9E-479F-9B53-5A833F1C4D46}.Ad-Hoc|ARM.Deploy.0 = Release|Any CPU
		{0C395A6E-EA9E-479F-9B53-5A833F1C4D46}.Ad-Hoc|iPhone.ActiveCfg = Release|Any CPU
		{0C395A6E-EA9E-479F-9B53-5A833F1C4D46}.Ad-Hoc|iPhone.Build.0 = Release|Any CPU
		{0C395A6E-EA9E-479F-9B53-5A833F1C4D46}.Ad-Hoc|iPhone.Deploy.0 = Release|Any CPU
		{0C395A6E-EA9E-479F-9B53-5A833F1C4D46}.Ad-Hoc|iPhoneSimulator.ActiveCfg = Release|Any CPU
		{0C395A6E-EA9E-479F-9B53-5A833F1C4D46}.Ad-Hoc|iPhoneSimulator.Build.0 = Release|Any CPU
		{0C395A6E-EA9E-479F-9B53-5A833F1C4D46}.Ad-Hoc|iPhoneSimulator.Deploy.0 = Release|Any CPU
		{0C395A6E-EA9E-479F-9B53-5A833F1C4D46}.Ad-Hoc|x64.ActiveCfg = Release|Any CPU
		{0C395A6E-EA9E-479F-9B53-5A833F1C4D46}.Ad-Hoc|x64.Build.0 = Release|Any CPU
		{0C395A6E-EA9E-479F-9B53-5A833F1C4D46}.Ad-Hoc|x64.Deploy.0 = Release|Any CPU
		{0C395A6E-EA9E-479F-9B53-5A833F1C4D46}.Ad-Hoc|x86.ActiveCfg = Release|Any CPU
		{0C395A6E-EA9E-479F-9B53-5A833F1C4D46}.Ad-Hoc|x86.Build.0 = Release|Any CPU
		{0C395A6E-EA9E-479F-9B53-5A833F1C4D46}.Ad-Hoc|x86.Deploy.0 = Release|Any CPU
		{0C395A6E-EA9E-479F-9B53-5A833F1C4D46}.AppStore|Any CPU.ActiveCfg = Release|Any CPU
		{0C395A6E-EA9E-479F-9B53-5A833F1C4D46}.AppStore|Any CPU.Build.0 = Release|Any CPU
		{0C395A6E-EA9E-479F-9B53-5A833F1C4D46}.AppStore|Any CPU.Deploy.0 = Release|Any CPU
		{0C395A6E-EA9E-479F-9B53-5A833F1C4D46}.AppStore|ARM.ActiveCfg = Release|Any CPU
		{0C395A6E-EA9E-479F-9B53-5A833F1C4D46}.AppStore|ARM.Build.0 = Release|Any CPU
		{0C395A6E-EA9E-479F-9B53-5A833F1C4D46}.AppStore|ARM.Deploy.0 = Release|Any CPU
		{0C395A6E-EA9E-479F-9B53-5A833F1C4D46}.AppStore|iPhone.ActiveCfg = Release|Any CPU
		{0C395A6E-EA9E-479F-9B53-5A833F1C4D46}.AppStore|iPhone.Build.0 = Release|Any CPU
		{0C395A6E-EA9E-479F-9B53-5A833F1C4D46}.AppStore|iPhone.Deploy.0 = Release|Any CPU
		{0C395A6E-EA9E-479F-9B53-5A833F1C4D46}.AppStore|iPhoneSimulator.ActiveCfg = Release|Any CPU
		{0C395A6E-EA9E-479F-9B53-5A833F1C4D46}.AppStore|iPhoneSimulator.Build.0 = Release|Any CPU
		{0C395A6E-EA9E-479F-9B53-5A833F1C4D46}.AppStore|iPhoneSimulator.Deploy.0 = Release|Any CPU
		{0C395A6E-EA9E-479F-9B53-5A833F1C4D46}.AppStore|x64.ActiveCfg = Release|Any CPU
		{0C395A6E-EA9E-479F-9B53-5A833F1C4D46}.AppStore|x64.Build.0 = Release|Any CPU
		{0C395A6E-EA9E-479F-9B53-5A833F1C4D46}.AppStore|x64.Deploy.0 = Release|Any CPU
		{0C395A6E-EA9E-479F-9B53-5A833F1C4D46}.AppStore|x86.ActiveCfg = Release|Any CPU
		{0C395A6E-EA9E-479F-9B53-5A833F1C4D46}.AppStore|x86.Build.0 = Release|Any CPU
		{0C395A6E-EA9E-479F-9B53-5A833F1C4D46}.AppStore|x86.Deploy.0 = Release|Any CPU
		{0C395A6E-EA9E-479F-9B53-5A833F1C4D46}.Debug|Any CPU.ActiveCfg = Debug|Any CPU
		{0C395A6E-EA9E-479F-9B53-5A833F1C4D46}.Debug|Any CPU.Build.0 = Debug|Any CPU
		{0C395A6E-EA9E-479F-9B53-5A833F1C4D46}.Debug|Any CPU.Deploy.0 = Debug|Any CPU
		{0C395A6E-EA9E-479F-9B53-5A833F1C4D46}.Debug|ARM.ActiveCfg = Debug|Any CPU
		{0C395A6E-EA9E-479F-9B53-5A833F1C4D46}.Debug|ARM.Build.0 = Debug|Any CPU
		{0C395A6E-EA9E-479F-9B53-5A833F1C4D46}.Debug|ARM.Deploy.0 = Debug|Any CPU
		{0C395A6E-EA9E-479F-9B53-5A833F1C4D46}.Debug|iPhone.ActiveCfg = Debug|Any CPU
		{0C395A6E-EA9E-479F-9B53-5A833F1C4D46}.Debug|iPhone.Build.0 = Debug|Any CPU
		{0C395A6E-EA9E-479F-9B53-5A833F1C4D46}.Debug|iPhone.Deploy.0 = Debug|Any CPU
		{0C395A6E-EA9E-479F-9B53-5A833F1C4D46}.Debug|iPhoneSimulator.ActiveCfg = Debug|Any CPU
		{0C395A6E-EA9E-479F-9B53-5A833F1C4D46}.Debug|iPhoneSimulator.Build.0 = Debug|Any CPU
		{0C395A6E-EA9E-479F-9B53-5A833F1C4D46}.Debug|iPhoneSimulator.Deploy.0 = Debug|Any CPU
		{0C395A6E-EA9E-479F-9B53-5A833F1C4D46}.Debug|x64.ActiveCfg = Debug|Any CPU
		{0C395A6E-EA9E-479F-9B53-5A833F1C4D46}.Debug|x64.Build.0 = Debug|Any CPU
		{0C395A6E-EA9E-479F-9B53-5A833F1C4D46}.Debug|x64.Deploy.0 = Debug|Any CPU
		{0C395A6E-EA9E-479F-9B53-5A833F1C4D46}.Debug|x86.ActiveCfg = Debug|Any CPU
		{0C395A6E-EA9E-479F-9B53-5A833F1C4D46}.Debug|x86.Build.0 = Debug|Any CPU
		{0C395A6E-EA9E-479F-9B53-5A833F1C4D46}.Debug|x86.Deploy.0 = Debug|Any CPU
		{0C395A6E-EA9E-479F-9B53-5A833F1C4D46}.Release|Any CPU.ActiveCfg = Release|Any CPU
		{0C395A6E-EA9E-479F-9B53-5A833F1C4D46}.Release|Any CPU.Build.0 = Release|Any CPU
		{0C395A6E-EA9E-479F-9B53-5A833F1C4D46}.Release|Any CPU.Deploy.0 = Release|Any CPU
		{0C395A6E-EA9E-479F-9B53-5A833F1C4D46}.Release|ARM.ActiveCfg = Release|Any CPU
		{0C395A6E-EA9E-479F-9B53-5A833F1C4D46}.Release|ARM.Build.0 = Release|Any CPU
		{0C395A6E-EA9E-479F-9B53-5A833F1C4D46}.Release|ARM.Deploy.0 = Release|Any CPU
		{0C395A6E-EA9E-479F-9B53-5A833F1C4D46}.Release|iPhone.ActiveCfg = Release|Any CPU
		{0C395A6E-EA9E-479F-9B53-5A833F1C4D46}.Release|iPhone.Build.0 = Release|Any CPU
		{0C395A6E-EA9E-479F-9B53-5A833F1C4D46}.Release|iPhone.Deploy.0 = Release|Any CPU
		{0C395A6E-EA9E-479F-9B53-5A833F1C4D46}.Release|iPhoneSimulator.ActiveCfg = Release|Any CPU
		{0C395A6E-EA9E-479F-9B53-5A833F1C4D46}.Release|iPhoneSimulator.Build.0 = Release|Any CPU
		{0C395A6E-EA9E-479F-9B53-5A833F1C4D46}.Release|iPhoneSimulator.Deploy.0 = Release|Any CPU
		{0C395A6E-EA9E-479F-9B53-5A833F1C4D46}.Release|x64.ActiveCfg = Release|Any CPU
		{0C395A6E-EA9E-479F-9B53-5A833F1C4D46}.Release|x64.Build.0 = Release|Any CPU
		{0C395A6E-EA9E-479F-9B53-5A833F1C4D46}.Release|x64.Deploy.0 = Release|Any CPU
		{0C395A6E-EA9E-479F-9B53-5A833F1C4D46}.Release|x86.ActiveCfg = Release|Any CPU
		{0C395A6E-EA9E-479F-9B53-5A833F1C4D46}.Release|x86.Build.0 = Release|Any CPU
		{0C395A6E-EA9E-479F-9B53-5A833F1C4D46}.Release|x86.Deploy.0 = Release|Any CPU
		{37AE1F97-AC6F-4C09-9A79-C7CBB178B6AB}.Ad-Hoc|Any CPU.ActiveCfg = Release|Any CPU
		{37AE1F97-AC6F-4C09-9A79-C7CBB178B6AB}.Ad-Hoc|Any CPU.Build.0 = Release|Any CPU
		{37AE1F97-AC6F-4C09-9A79-C7CBB178B6AB}.Ad-Hoc|ARM.ActiveCfg = Release|Any CPU
		{37AE1F97-AC6F-4C09-9A79-C7CBB178B6AB}.Ad-Hoc|ARM.Build.0 = Release|Any CPU
		{37AE1F97-AC6F-4C09-9A79-C7CBB178B6AB}.Ad-Hoc|iPhone.ActiveCfg = Release|Any CPU
		{37AE1F97-AC6F-4C09-9A79-C7CBB178B6AB}.Ad-Hoc|iPhone.Build.0 = Release|Any CPU
		{37AE1F97-AC6F-4C09-9A79-C7CBB178B6AB}.Ad-Hoc|iPhoneSimulator.ActiveCfg = Release|Any CPU
		{37AE1F97-AC6F-4C09-9A79-C7CBB178B6AB}.Ad-Hoc|iPhoneSimulator.Build.0 = Release|Any CPU
		{37AE1F97-AC6F-4C09-9A79-C7CBB178B6AB}.Ad-Hoc|x64.ActiveCfg = Release|Any CPU
		{37AE1F97-AC6F-4C09-9A79-C7CBB178B6AB}.Ad-Hoc|x64.Build.0 = Release|Any CPU
		{37AE1F97-AC6F-4C09-9A79-C7CBB178B6AB}.Ad-Hoc|x86.ActiveCfg = Release|Any CPU
		{37AE1F97-AC6F-4C09-9A79-C7CBB178B6AB}.Ad-Hoc|x86.Build.0 = Release|Any CPU
		{37AE1F97-AC6F-4C09-9A79-C7CBB178B6AB}.AppStore|Any CPU.ActiveCfg = Release|Any CPU
		{37AE1F97-AC6F-4C09-9A79-C7CBB178B6AB}.AppStore|Any CPU.Build.0 = Release|Any CPU
		{37AE1F97-AC6F-4C09-9A79-C7CBB178B6AB}.AppStore|ARM.ActiveCfg = Release|Any CPU
		{37AE1F97-AC6F-4C09-9A79-C7CBB178B6AB}.AppStore|ARM.Build.0 = Release|Any CPU
		{37AE1F97-AC6F-4C09-9A79-C7CBB178B6AB}.AppStore|iPhone.ActiveCfg = Release|Any CPU
		{37AE1F97-AC6F-4C09-9A79-C7CBB178B6AB}.AppStore|iPhone.Build.0 = Release|Any CPU
		{37AE1F97-AC6F-4C09-9A79-C7CBB178B6AB}.AppStore|iPhoneSimulator.ActiveCfg = Release|Any CPU
		{37AE1F97-AC6F-4C09-9A79-C7CBB178B6AB}.AppStore|iPhoneSimulator.Build.0 = Release|Any CPU
		{37AE1F97-AC6F-4C09-9A79-C7CBB178B6AB}.AppStore|x64.ActiveCfg = Release|Any CPU
		{37AE1F97-AC6F-4C09-9A79-C7CBB178B6AB}.AppStore|x64.Build.0 = Release|Any CPU
		{37AE1F97-AC6F-4C09-9A79-C7CBB178B6AB}.AppStore|x86.ActiveCfg = Release|Any CPU
		{37AE1F97-AC6F-4C09-9A79-C7CBB178B6AB}.AppStore|x86.Build.0 = Release|Any CPU
		{37AE1F97-AC6F-4C09-9A79-C7CBB178B6AB}.Debug|Any CPU.ActiveCfg = Debug|Any CPU
		{37AE1F97-AC6F-4C09-9A79-C7CBB178B6AB}.Debug|Any CPU.Build.0 = Debug|Any CPU
		{37AE1F97-AC6F-4C09-9A79-C7CBB178B6AB}.Debug|ARM.ActiveCfg = Debug|Any CPU
		{37AE1F97-AC6F-4C09-9A79-C7CBB178B6AB}.Debug|ARM.Build.0 = Debug|Any CPU
		{37AE1F97-AC6F-4C09-9A79-C7CBB178B6AB}.Debug|iPhone.ActiveCfg = Debug|Any CPU
		{37AE1F97-AC6F-4C09-9A79-C7CBB178B6AB}.Debug|iPhone.Build.0 = Debug|Any CPU
		{37AE1F97-AC6F-4C09-9A79-C7CBB178B6AB}.Debug|iPhoneSimulator.ActiveCfg = Debug|Any CPU
		{37AE1F97-AC6F-4C09-9A79-C7CBB178B6AB}.Debug|iPhoneSimulator.Build.0 = Debug|Any CPU
		{37AE1F97-AC6F-4C09-9A79-C7CBB178B6AB}.Debug|x64.ActiveCfg = Debug|Any CPU
		{37AE1F97-AC6F-4C09-9A79-C7CBB178B6AB}.Debug|x64.Build.0 = Debug|Any CPU
		{37AE1F97-AC6F-4C09-9A79-C7CBB178B6AB}.Debug|x86.ActiveCfg = Debug|Any CPU
		{37AE1F97-AC6F-4C09-9A79-C7CBB178B6AB}.Debug|x86.Build.0 = Debug|Any CPU
		{37AE1F97-AC6F-4C09-9A79-C7CBB178B6AB}.Release|Any CPU.ActiveCfg = Release|Any CPU
		{37AE1F97-AC6F-4C09-9A79-C7CBB178B6AB}.Release|Any CPU.Build.0 = Release|Any CPU
		{37AE1F97-AC6F-4C09-9A79-C7CBB178B6AB}.Release|ARM.ActiveCfg = Release|Any CPU
		{37AE1F97-AC6F-4C09-9A79-C7CBB178B6AB}.Release|ARM.Build.0 = Release|Any CPU
		{37AE1F97-AC6F-4C09-9A79-C7CBB178B6AB}.Release|iPhone.ActiveCfg = Release|Any CPU
		{37AE1F97-AC6F-4C09-9A79-C7CBB178B6AB}.Release|iPhone.Build.0 = Release|Any CPU
		{37AE1F97-AC6F-4C09-9A79-C7CBB178B6AB}.Release|iPhoneSimulator.ActiveCfg = Release|Any CPU
		{37AE1F97-AC6F-4C09-9A79-C7CBB178B6AB}.Release|iPhoneSimulator.Build.0 = Release|Any CPU
		{37AE1F97-AC6F-4C09-9A79-C7CBB178B6AB}.Release|x64.ActiveCfg = Release|Any CPU
		{37AE1F97-AC6F-4C09-9A79-C7CBB178B6AB}.Release|x64.Build.0 = Release|Any CPU
		{37AE1F97-AC6F-4C09-9A79-C7CBB178B6AB}.Release|x86.ActiveCfg = Release|Any CPU
		{37AE1F97-AC6F-4C09-9A79-C7CBB178B6AB}.Release|x86.Build.0 = Release|Any CPU
		{BF955FF4-373F-438C-8B6D-E8C750BFA1CF}.Ad-Hoc|Any CPU.ActiveCfg = Release|x86
		{BF955FF4-373F-438C-8B6D-E8C750BFA1CF}.Ad-Hoc|Any CPU.Build.0 = Release|x86
		{BF955FF4-373F-438C-8B6D-E8C750BFA1CF}.Ad-Hoc|Any CPU.Deploy.0 = Release|x86
		{BF955FF4-373F-438C-8B6D-E8C750BFA1CF}.Ad-Hoc|ARM.ActiveCfg = Release|ARM
		{BF955FF4-373F-438C-8B6D-E8C750BFA1CF}.Ad-Hoc|ARM.Build.0 = Release|ARM
		{BF955FF4-373F-438C-8B6D-E8C750BFA1CF}.Ad-Hoc|ARM.Deploy.0 = Release|ARM
		{BF955FF4-373F-438C-8B6D-E8C750BFA1CF}.Ad-Hoc|iPhone.ActiveCfg = Release|x86
		{BF955FF4-373F-438C-8B6D-E8C750BFA1CF}.Ad-Hoc|iPhone.Build.0 = Release|x86
		{BF955FF4-373F-438C-8B6D-E8C750BFA1CF}.Ad-Hoc|iPhone.Deploy.0 = Release|x86
		{BF955FF4-373F-438C-8B6D-E8C750BFA1CF}.Ad-Hoc|iPhoneSimulator.ActiveCfg = Release|x86
		{BF955FF4-373F-438C-8B6D-E8C750BFA1CF}.Ad-Hoc|iPhoneSimulator.Build.0 = Release|x86
		{BF955FF4-373F-438C-8B6D-E8C750BFA1CF}.Ad-Hoc|iPhoneSimulator.Deploy.0 = Release|x86
		{BF955FF4-373F-438C-8B6D-E8C750BFA1CF}.Ad-Hoc|x64.ActiveCfg = Release|x64
		{BF955FF4-373F-438C-8B6D-E8C750BFA1CF}.Ad-Hoc|x64.Build.0 = Release|x64
		{BF955FF4-373F-438C-8B6D-E8C750BFA1CF}.Ad-Hoc|x64.Deploy.0 = Release|x64
		{BF955FF4-373F-438C-8B6D-E8C750BFA1CF}.Ad-Hoc|x86.ActiveCfg = Release|x86
		{BF955FF4-373F-438C-8B6D-E8C750BFA1CF}.Ad-Hoc|x86.Build.0 = Release|x86
		{BF955FF4-373F-438C-8B6D-E8C750BFA1CF}.Ad-Hoc|x86.Deploy.0 = Release|x86
		{BF955FF4-373F-438C-8B6D-E8C750BFA1CF}.AppStore|Any CPU.ActiveCfg = Release|x86
		{BF955FF4-373F-438C-8B6D-E8C750BFA1CF}.AppStore|Any CPU.Build.0 = Release|x86
		{BF955FF4-373F-438C-8B6D-E8C750BFA1CF}.AppStore|Any CPU.Deploy.0 = Release|x86
		{BF955FF4-373F-438C-8B6D-E8C750BFA1CF}.AppStore|ARM.ActiveCfg = Release|ARM
		{BF955FF4-373F-438C-8B6D-E8C750BFA1CF}.AppStore|ARM.Build.0 = Release|ARM
		{BF955FF4-373F-438C-8B6D-E8C750BFA1CF}.AppStore|ARM.Deploy.0 = Release|ARM
		{BF955FF4-373F-438C-8B6D-E8C750BFA1CF}.AppStore|iPhone.ActiveCfg = Release|x86
		{BF955FF4-373F-438C-8B6D-E8C750BFA1CF}.AppStore|iPhone.Build.0 = Release|x86
		{BF955FF4-373F-438C-8B6D-E8C750BFA1CF}.AppStore|iPhone.Deploy.0 = Release|x86
		{BF955FF4-373F-438C-8B6D-E8C750BFA1CF}.AppStore|iPhoneSimulator.ActiveCfg = Release|x86
		{BF955FF4-373F-438C-8B6D-E8C750BFA1CF}.AppStore|iPhoneSimulator.Build.0 = Release|x86
		{BF955FF4-373F-438C-8B6D-E8C750BFA1CF}.AppStore|iPhoneSimulator.Deploy.0 = Release|x86
		{BF955FF4-373F-438C-8B6D-E8C750BFA1CF}.AppStore|x64.ActiveCfg = Release|x64
		{BF955FF4-373F-438C-8B6D-E8C750BFA1CF}.AppStore|x64.Build.0 = Release|x64
		{BF955FF4-373F-438C-8B6D-E8C750BFA1CF}.AppStore|x64.Deploy.0 = Release|x64
		{BF955FF4-373F-438C-8B6D-E8C750BFA1CF}.AppStore|x86.ActiveCfg = Release|x86
		{BF955FF4-373F-438C-8B6D-E8C750BFA1CF}.AppStore|x86.Build.0 = Release|x86
		{BF955FF4-373F-438C-8B6D-E8C750BFA1CF}.AppStore|x86.Deploy.0 = Release|x86
		{BF955FF4-373F-438C-8B6D-E8C750BFA1CF}.Debug|Any CPU.ActiveCfg = Debug|x86
		{BF955FF4-373F-438C-8B6D-E8C750BFA1CF}.Debug|ARM.ActiveCfg = Debug|ARM
		{BF955FF4-373F-438C-8B6D-E8C750BFA1CF}.Debug|ARM.Build.0 = Debug|ARM
		{BF955FF4-373F-438C-8B6D-E8C750BFA1CF}.Debug|ARM.Deploy.0 = Debug|ARM
		{BF955FF4-373F-438C-8B6D-E8C750BFA1CF}.Debug|iPhone.ActiveCfg = Debug|x86
		{BF955FF4-373F-438C-8B6D-E8C750BFA1CF}.Debug|iPhoneSimulator.ActiveCfg = Debug|x86
		{BF955FF4-373F-438C-8B6D-E8C750BFA1CF}.Debug|x64.ActiveCfg = Debug|x64
		{BF955FF4-373F-438C-8B6D-E8C750BFA1CF}.Debug|x64.Build.0 = Debug|x64
		{BF955FF4-373F-438C-8B6D-E8C750BFA1CF}.Debug|x64.Deploy.0 = Debug|x64
		{BF955FF4-373F-438C-8B6D-E8C750BFA1CF}.Debug|x86.ActiveCfg = Debug|x86
		{BF955FF4-373F-438C-8B6D-E8C750BFA1CF}.Debug|x86.Build.0 = Debug|x86
		{BF955FF4-373F-438C-8B6D-E8C750BFA1CF}.Debug|x86.Deploy.0 = Debug|x86
		{BF955FF4-373F-438C-8B6D-E8C750BFA1CF}.Release|Any CPU.ActiveCfg = Release|x86
		{BF955FF4-373F-438C-8B6D-E8C750BFA1CF}.Release|ARM.ActiveCfg = Release|ARM
		{BF955FF4-373F-438C-8B6D-E8C750BFA1CF}.Release|ARM.Build.0 = Release|ARM
		{BF955FF4-373F-438C-8B6D-E8C750BFA1CF}.Release|ARM.Deploy.0 = Release|ARM
		{BF955FF4-373F-438C-8B6D-E8C750BFA1CF}.Release|iPhone.ActiveCfg = Release|x86
		{BF955FF4-373F-438C-8B6D-E8C750BFA1CF}.Release|iPhoneSimulator.ActiveCfg = Release|x86
		{BF955FF4-373F-438C-8B6D-E8C750BFA1CF}.Release|x64.ActiveCfg = Release|x64
		{BF955FF4-373F-438C-8B6D-E8C750BFA1CF}.Release|x64.Build.0 = Release|x64
		{BF955FF4-373F-438C-8B6D-E8C750BFA1CF}.Release|x64.Deploy.0 = Release|x64
		{BF955FF4-373F-438C-8B6D-E8C750BFA1CF}.Release|x86.ActiveCfg = Release|x86
		{BF955FF4-373F-438C-8B6D-E8C750BFA1CF}.Release|x86.Build.0 = Release|x86
		{BF955FF4-373F-438C-8B6D-E8C750BFA1CF}.Release|x86.Deploy.0 = Release|x86
		{6129B315-3DAD-439F-9352-CF63A6F1023C}.Ad-Hoc|Any CPU.ActiveCfg = Ad-Hoc|iPhone
		{6129B315-3DAD-439F-9352-CF63A6F1023C}.Ad-Hoc|ARM.ActiveCfg = Ad-Hoc|iPhone
		{6129B315-3DAD-439F-9352-CF63A6F1023C}.Ad-Hoc|iPhone.ActiveCfg = Ad-Hoc|iPhone
		{6129B315-3DAD-439F-9352-CF63A6F1023C}.Ad-Hoc|iPhone.Build.0 = Ad-Hoc|iPhone
		{6129B315-3DAD-439F-9352-CF63A6F1023C}.Ad-Hoc|iPhoneSimulator.ActiveCfg = Ad-Hoc|iPhoneSimulator
		{6129B315-3DAD-439F-9352-CF63A6F1023C}.Ad-Hoc|iPhoneSimulator.Build.0 = Ad-Hoc|iPhoneSimulator
		{6129B315-3DAD-439F-9352-CF63A6F1023C}.Ad-Hoc|x64.ActiveCfg = Ad-Hoc|iPhone
		{6129B315-3DAD-439F-9352-CF63A6F1023C}.Ad-Hoc|x86.ActiveCfg = Ad-Hoc|iPhone
		{6129B315-3DAD-439F-9352-CF63A6F1023C}.AppStore|Any CPU.ActiveCfg = AppStore|iPhone
		{6129B315-3DAD-439F-9352-CF63A6F1023C}.AppStore|ARM.ActiveCfg = AppStore|iPhone
		{6129B315-3DAD-439F-9352-CF63A6F1023C}.AppStore|iPhone.ActiveCfg = AppStore|iPhone
		{6129B315-3DAD-439F-9352-CF63A6F1023C}.AppStore|iPhone.Build.0 = AppStore|iPhone
		{6129B315-3DAD-439F-9352-CF63A6F1023C}.AppStore|iPhoneSimulator.ActiveCfg = AppStore|iPhoneSimulator
		{6129B315-3DAD-439F-9352-CF63A6F1023C}.AppStore|iPhoneSimulator.Build.0 = AppStore|iPhoneSimulator
		{6129B315-3DAD-439F-9352-CF63A6F1023C}.AppStore|x64.ActiveCfg = AppStore|iPhone
		{6129B315-3DAD-439F-9352-CF63A6F1023C}.AppStore|x86.ActiveCfg = AppStore|iPhone
		{6129B315-3DAD-439F-9352-CF63A6F1023C}.Debug|Any CPU.ActiveCfg = Debug|iPhone
		{6129B315-3DAD-439F-9352-CF63A6F1023C}.Debug|ARM.ActiveCfg = Debug|iPhone
		{6129B315-3DAD-439F-9352-CF63A6F1023C}.Debug|iPhone.ActiveCfg = Debug|iPhone
		{6129B315-3DAD-439F-9352-CF63A6F1023C}.Debug|iPhone.Build.0 = Debug|iPhone
		{6129B315-3DAD-439F-9352-CF63A6F1023C}.Debug|iPhoneSimulator.ActiveCfg = Debug|iPhoneSimulator
		{6129B315-3DAD-439F-9352-CF63A6F1023C}.Debug|iPhoneSimulator.Build.0 = Debug|iPhoneSimulator
		{6129B315-3DAD-439F-9352-CF63A6F1023C}.Debug|x64.ActiveCfg = Debug|iPhone
		{6129B315-3DAD-439F-9352-CF63A6F1023C}.Debug|x86.ActiveCfg = Debug|iPhone
		{6129B315-3DAD-439F-9352-CF63A6F1023C}.Release|Any CPU.ActiveCfg = Release|iPhone
		{6129B315-3DAD-439F-9352-CF63A6F1023C}.Release|ARM.ActiveCfg = Release|iPhone
		{6129B315-3DAD-439F-9352-CF63A6F1023C}.Release|iPhone.ActiveCfg = Release|iPhone
		{6129B315-3DAD-439F-9352-CF63A6F1023C}.Release|iPhone.Build.0 = Release|iPhone
		{6129B315-3DAD-439F-9352-CF63A6F1023C}.Release|iPhoneSimulator.ActiveCfg = Release|iPhoneSimulator
		{6129B315-3DAD-439F-9352-CF63A6F1023C}.Release|iPhoneSimulator.Build.0 = Release|iPhoneSimulator
		{6129B315-3DAD-439F-9352-CF63A6F1023C}.Release|x64.ActiveCfg = Release|iPhone
		{6129B315-3DAD-439F-9352-CF63A6F1023C}.Release|x86.ActiveCfg = Release|iPhone
	EndGlobalSection
	GlobalSection(SolutionProperties) = preSolution
		HideSolutionNode = FALSE
	EndGlobalSection
EndGlobal
