
Microsoft Visual Studio Solution File, Format Version 12.00
# Visual Studio 15
VisualStudioVersion = 15.0.26403.7
MinimumVisualStudioVersion = 10.0.40219.1
Project("{FAE04EC0-301F-11D3-BF4B-00C04F79EFBC}") = "MonkeyHubApp.Android", "MonkeyHubApp\MonkeyHubApp.Android\MonkeyHubApp.Android.csproj", "{3C16D89E-2B43-4C4C-AAFA-EEF633479069}"
EndProject
Project("{FAE04EC0-301F-11D3-BF4B-00C04F79EFBC}") = "MonkeyHubApp", "MonkeyHubApp\MonkeyHubApp\MonkeyHubApp.csproj", "{251F821B-E496-4A30-8980-79BE1145B1DC}"
EndProject
Project("{FAE04EC0-301F-11D3-BF4B-00C04F79EFBC}") = "MonkeyHubApp.UWP", "MonkeyHubApp\MonkeyHubApp.UWP\MonkeyHubApp.UWP.csproj", "{87024C35-FE1E-4397-A371-A307CBD5A31F}"
EndProject
Project("{FAE04EC0-301F-11D3-BF4B-00C04F79EFBC}") = "MonkeyHubApp.iOS", "MonkeyHubApp\MonkeyHubApp.iOS\MonkeyHubApp.iOS.csproj", "{B4736BA9-67C2-4F30-B551-6A111B0A481B}"
EndProject
Global
	GlobalSection(SolutionConfigurationPlatforms) = preSolution
		Ad-Hoc|Any CPU = Ad-Hoc|Any CPU
		Ad-Hoc|ARM = Ad-Hoc|ARM
		Ad-Hoc|iPhone = Ad-Hoc|iPhone
		Ad-Hoc|iPhoneSimulator = Ad-Hoc|iPhoneSimulator
		Ad-Hoc|x64 = Ad-Hoc|x64
		Ad-Hoc|x86 = Ad-Hoc|x86
		AppStore|Any CPU = AppStore|Any CPU
		AppStore|ARM = AppStore|ARM
		AppStore|iPhone = AppStore|iPhone
		AppStore|iPhoneSimulator = AppStore|iPhoneSimulator
		AppStore|x64 = AppStore|x64
		AppStore|x86 = AppStore|x86
		Debug|Any CPU = Debug|Any CPU
		Debug|ARM = Debug|ARM
		Debug|iPhone = Debug|iPhone
		Debug|iPhoneSimulator = Debug|iPhoneSimulator
		Debug|x64 = Debug|x64
		Debug|x86 = Debug|x86
		Release|Any CPU = Release|Any CPU
		Release|ARM = Release|ARM
		Release|iPhone = Release|iPhone
		Release|iPhoneSimulator = Release|iPhoneSimulator
		Release|x64 = Release|x64
		Release|x86 = Release|x86
	EndGlobalSection
	GlobalSection(ProjectConfigurationPlatforms) = postSolution
		{3C16D89E-2B43-4C4C-AAFA-EEF633479069}.Ad-Hoc|Any CPU.ActiveCfg = Release|Any CPU
		{3C16D89E-2B43-4C4C-AAFA-EEF633479069}.Ad-Hoc|Any CPU.Build.0 = Release|Any CPU
		{3C16D89E-2B43-4C4C-AAFA-EEF633479069}.Ad-Hoc|Any CPU.Deploy.0 = Release|Any CPU
		{3C16D89E-2B43-4C4C-AAFA-EEF633479069}.Ad-Hoc|ARM.ActiveCfg = Release|Any CPU
		{3C16D89E-2B43-4C4C-AAFA-EEF633479069}.Ad-Hoc|ARM.Build.0 = Release|Any CPU
		{3C16D89E-2B43-4C4C-AAFA-EEF633479069}.Ad-Hoc|ARM.Deploy.0 = Release|Any CPU
		{3C16D89E-2B43-4C4C-AAFA-EEF633479069}.Ad-Hoc|iPhone.ActiveCfg = Release|Any CPU
		{3C16D89E-2B43-4C4C-AAFA-EEF633479069}.Ad-Hoc|iPhone.Build.0 = Release|Any CPU
		{3C16D89E-2B43-4C4C-AAFA-EEF633479069}.Ad-Hoc|iPhone.Deploy.0 = Release|Any CPU
		{3C16D89E-2B43-4C4C-AAFA-EEF633479069}.Ad-Hoc|iPhoneSimulator.ActiveCfg = Release|Any CPU
		{3C16D89E-2B43-4C4C-AAFA-EEF633479069}.Ad-Hoc|iPhoneSimulator.Build.0 = Release|Any CPU
		{3C16D89E-2B43-4C4C-AAFA-EEF633479069}.Ad-Hoc|iPhoneSimulator.Deploy.0 = Release|Any CPU
		{3C16D89E-2B43-4C4C-AAFA-EEF633479069}.Ad-Hoc|x64.ActiveCfg = Release|Any CPU
		{3C16D89E-2B43-4C4C-AAFA-EEF633479069}.Ad-Hoc|x64.Build.0 = Release|Any CPU
		{3C16D89E-2B43-4C4C-AAFA-EEF633479069}.Ad-Hoc|x64.Deploy.0 = Release|Any CPU
		{3C16D89E-2B43-4C4C-AAFA-EEF633479069}.Ad-Hoc|x86.ActiveCfg = Release|Any CPU
		{3C16D89E-2B43-4C4C-AAFA-EEF633479069}.Ad-Hoc|x86.Build.0 = Release|Any CPU
		{3C16D89E-2B43-4C4C-AAFA-EEF633479069}.Ad-Hoc|x86.Deploy.0 = Release|Any CPU
		{3C16D89E-2B43-4C4C-AAFA-EEF633479069}.AppStore|Any CPU.ActiveCfg = Release|Any CPU
		{3C16D89E-2B43-4C4C-AAFA-EEF633479069}.AppStore|Any CPU.Build.0 = Release|Any CPU
		{3C16D89E-2B43-4C4C-AAFA-EEF633479069}.AppStore|Any CPU.Deploy.0 = Release|Any CPU
		{3C16D89E-2B43-4C4C-AAFA-EEF633479069}.AppStore|ARM.ActiveCfg = Release|Any CPU
		{3C16D89E-2B43-4C4C-AAFA-EEF633479069}.AppStore|ARM.Build.0 = Release|Any CPU
		{3C16D89E-2B43-4C4C-AAFA-EEF633479069}.AppStore|ARM.Deploy.0 = Release|Any CPU
		{3C16D89E-2B43-4C4C-AAFA-EEF633479069}.AppStore|iPhone.ActiveCfg = Release|Any CPU
		{3C16D89E-2B43-4C4C-AAFA-EEF633479069}.AppStore|iPhone.Build.0 = Release|Any CPU
		{3C16D89E-2B43-4C4C-AAFA-EEF633479069}.AppStore|iPhone.Deploy.0 = Release|Any CPU
		{3C16D89E-2B43-4C4C-AAFA-EEF633479069}.AppStore|iPhoneSimulator.ActiveCfg = Release|Any CPU
		{3C16D89E-2B43-4C4C-AAFA-EEF633479069}.AppStore|iPhoneSimulator.Build.0 = Release|Any CPU
		{3C16D89E-2B43-4C4C-AAFA-EEF633479069}.AppStore|iPhoneSimulator.Deploy.0 = Release|Any CPU
		{3C16D89E-2B43-4C4C-AAFA-EEF633479069}.AppStore|x64.ActiveCfg = Release|Any CPU
		{3C16D89E-2B43-4C4C-AAFA-EEF633479069}.AppStore|x64.Build.0 = Release|Any CPU
		{3C16D89E-2B43-4C4C-AAFA-EEF633479069}.AppStore|x64.Deploy.0 = Release|Any CPU
		{3C16D89E-2B43-4C4C-AAFA-EEF633479069}.AppStore|x86.ActiveCfg = Release|Any CPU
		{3C16D89E-2B43-4C4C-AAFA-EEF633479069}.AppStore|x86.Build.0 = Release|Any CPU
		{3C16D89E-2B43-4C4C-AAFA-EEF633479069}.AppStore|x86.Deploy.0 = Release|Any CPU
		{3C16D89E-2B43-4C4C-AAFA-EEF633479069}.Debug|Any CPU.ActiveCfg = Debug|Any CPU
		{3C16D89E-2B43-4C4C-AAFA-EEF633479069}.Debug|Any CPU.Build.0 = Debug|Any CPU
		{3C16D89E-2B43-4C4C-AAFA-EEF633479069}.Debug|Any CPU.Deploy.0 = Debug|Any CPU
		{3C16D89E-2B43-4C4C-AAFA-EEF633479069}.Debug|ARM.ActiveCfg = Debug|Any CPU
		{3C16D89E-2B43-4C4C-AAFA-EEF633479069}.Debug|ARM.Build.0 = Debug|Any CPU
		{3C16D89E-2B43-4C4C-AAFA-EEF633479069}.Debug|ARM.Deploy.0 = Debug|Any CPU
		{3C16D89E-2B43-4C4C-AAFA-EEF633479069}.Debug|iPhone.ActiveCfg = Debug|Any CPU
		{3C16D89E-2B43-4C4C-AAFA-EEF633479069}.Debug|iPhone.Build.0 = Debug|Any CPU
		{3C16D89E-2B43-4C4C-AAFA-EEF633479069}.Debug|iPhone.Deploy.0 = Debug|Any CPU
		{3C16D89E-2B43-4C4C-AAFA-EEF633479069}.Debug|iPhoneSimulator.ActiveCfg = Debug|Any CPU
		{3C16D89E-2B43-4C4C-AAFA-EEF633479069}.Debug|iPhoneSimulator.Build.0 = Debug|Any CPU
		{3C16D89E-2B43-4C4C-AAFA-EEF633479069}.Debug|iPhoneSimulator.Deploy.0 = Debug|Any CPU
		{3C16D89E-2B43-4C4C-AAFA-EEF633479069}.Debug|x64.ActiveCfg = Debug|Any CPU
		{3C16D89E-2B43-4C4C-AAFA-EEF633479069}.Debug|x64.Build.0 = Debug|Any CPU
		{3C16D89E-2B43-4C4C-AAFA-EEF633479069}.Debug|x64.Deploy.0 = Debug|Any CPU
		{3C16D89E-2B43-4C4C-AAFA-EEF633479069}.Debug|x86.ActiveCfg = Debug|Any CPU
		{3C16D89E-2B43-4C4C-AAFA-EEF633479069}.Debug|x86.Build.0 = Debug|Any CPU
		{3C16D89E-2B43-4C4C-AAFA-EEF633479069}.Debug|x86.Deploy.0 = Debug|Any CPU
		{3C16D89E-2B43-4C4C-AAFA-EEF633479069}.Release|Any CPU.ActiveCfg = Release|Any CPU
		{3C16D89E-2B43-4C4C-AAFA-EEF633479069}.Release|Any CPU.Build.0 = Release|Any CPU
		{3C16D89E-2B43-4C4C-AAFA-EEF633479069}.Release|Any CPU.Deploy.0 = Release|Any CPU
		{3C16D89E-2B43-4C4C-AAFA-EEF633479069}.Release|ARM.ActiveCfg = Release|Any CPU
		{3C16D89E-2B43-4C4C-AAFA-EEF633479069}.Release|ARM.Build.0 = Release|Any CPU
		{3C16D89E-2B43-4C4C-AAFA-EEF633479069}.Release|ARM.Deploy.0 = Release|Any CPU
		{3C16D89E-2B43-4C4C-AAFA-EEF633479069}.Release|iPhone.ActiveCfg = Release|Any CPU
		{3C16D89E-2B43-4C4C-AAFA-EEF633479069}.Release|iPhone.Build.0 = Release|Any CPU
		{3C16D89E-2B43-4C4C-AAFA-EEF633479069}.Release|iPhone.Deploy.0 = Release|Any CPU
		{3C16D89E-2B43-4C4C-AAFA-EEF633479069}.Release|iPhoneSimulator.ActiveCfg = Release|Any CPU
		{3C16D89E-2B43-4C4C-AAFA-EEF633479069}.Release|iPhoneSimulator.Build.0 = Release|Any CPU
		{3C16D89E-2B43-4C4C-AAFA-EEF633479069}.Release|iPhoneSimulator.Deploy.0 = Release|Any CPU
		{3C16D89E-2B43-4C4C-AAFA-EEF633479069}.Release|x64.ActiveCfg = Release|Any CPU
		{3C16D89E-2B43-4C4C-AAFA-EEF633479069}.Release|x64.Build.0 = Release|Any CPU
		{3C16D89E-2B43-4C4C-AAFA-EEF633479069}.Release|x64.Deploy.0 = Release|Any CPU
		{3C16D89E-2B43-4C4C-AAFA-EEF633479069}.Release|x86.ActiveCfg = Release|Any CPU
		{3C16D89E-2B43-4C4C-AAFA-EEF633479069}.Release|x86.Build.0 = Release|Any CPU
		{3C16D89E-2B43-4C4C-AAFA-EEF633479069}.Release|x86.Deploy.0 = Release|Any CPU
		{251F821B-E496-4A30-8980-79BE1145B1DC}.Ad-Hoc|Any CPU.ActiveCfg = Release|Any CPU
		{251F821B-E496-4A30-8980-79BE1145B1DC}.Ad-Hoc|Any CPU.Build.0 = Release|Any CPU
		{251F821B-E496-4A30-8980-79BE1145B1DC}.Ad-Hoc|ARM.ActiveCfg = Release|Any CPU
		{251F821B-E496-4A30-8980-79BE1145B1DC}.Ad-Hoc|ARM.Build.0 = Release|Any CPU
		{251F821B-E496-4A30-8980-79BE1145B1DC}.Ad-Hoc|iPhone.ActiveCfg = Release|Any CPU
		{251F821B-E496-4A30-8980-79BE1145B1DC}.Ad-Hoc|iPhone.Build.0 = Release|Any CPU
		{251F821B-E496-4A30-8980-79BE1145B1DC}.Ad-Hoc|iPhoneSimulator.ActiveCfg = Release|Any CPU
		{251F821B-E496-4A30-8980-79BE1145B1DC}.Ad-Hoc|iPhoneSimulator.Build.0 = Release|Any CPU
		{251F821B-E496-4A30-8980-79BE1145B1DC}.Ad-Hoc|x64.ActiveCfg = Release|Any CPU
		{251F821B-E496-4A30-8980-79BE1145B1DC}.Ad-Hoc|x64.Build.0 = Release|Any CPU
		{251F821B-E496-4A30-8980-79BE1145B1DC}.Ad-Hoc|x86.ActiveCfg = Release|Any CPU
		{251F821B-E496-4A30-8980-79BE1145B1DC}.Ad-Hoc|x86.Build.0 = Release|Any CPU
		{251F821B-E496-4A30-8980-79BE1145B1DC}.AppStore|Any CPU.ActiveCfg = Release|Any CPU
		{251F821B-E496-4A30-8980-79BE1145B1DC}.AppStore|Any CPU.Build.0 = Release|Any CPU
		{251F821B-E496-4A30-8980-79BE1145B1DC}.AppStore|ARM.ActiveCfg = Release|Any CPU
		{251F821B-E496-4A30-8980-79BE1145B1DC}.AppStore|ARM.Build.0 = Release|Any CPU
		{251F821B-E496-4A30-8980-79BE1145B1DC}.AppStore|iPhone.ActiveCfg = Release|Any CPU
		{251F821B-E496-4A30-8980-79BE1145B1DC}.AppStore|iPhone.Build.0 = Release|Any CPU
		{251F821B-E496-4A30-8980-79BE1145B1DC}.AppStore|iPhoneSimulator.ActiveCfg = Release|Any CPU
		{251F821B-E496-4A30-8980-79BE1145B1DC}.AppStore|iPhoneSimulator.Build.0 = Release|Any CPU
		{251F821B-E496-4A30-8980-79BE1145B1DC}.AppStore|x64.ActiveCfg = Release|Any CPU
		{251F821B-E496-4A30-8980-79BE1145B1DC}.AppStore|x64.Build.0 = Release|Any CPU
		{251F821B-E496-4A30-8980-79BE1145B1DC}.AppStore|x86.ActiveCfg = Release|Any CPU
		{251F821B-E496-4A30-8980-79BE1145B1DC}.AppStore|x86.Build.0 = Release|Any CPU
		{251F821B-E496-4A30-8980-79BE1145B1DC}.Debug|Any CPU.ActiveCfg = Debug|Any CPU
		{251F821B-E496-4A30-8980-79BE1145B1DC}.Debug|Any CPU.Build.0 = Debug|Any CPU
		{251F821B-E496-4A30-8980-79BE1145B1DC}.Debug|ARM.ActiveCfg = Debug|Any CPU
		{251F821B-E496-4A30-8980-79BE1145B1DC}.Debug|ARM.Build.0 = Debug|Any CPU
		{251F821B-E496-4A30-8980-79BE1145B1DC}.Debug|iPhone.ActiveCfg = Debug|Any CPU
		{251F821B-E496-4A30-8980-79BE1145B1DC}.Debug|iPhone.Build.0 = Debug|Any CPU
		{251F821B-E496-4A30-8980-79BE1145B1DC}.Debug|iPhoneSimulator.ActiveCfg = Debug|Any CPU
		{251F821B-E496-4A30-8980-79BE1145B1DC}.Debug|iPhoneSimulator.Build.0 = Debug|Any CPU
		{251F821B-E496-4A30-8980-79BE1145B1DC}.Debug|x64.ActiveCfg = Debug|Any CPU
		{251F821B-E496-4A30-8980-79BE1145B1DC}.Debug|x64.Build.0 = Debug|Any CPU
		{251F821B-E496-4A30-8980-79BE1145B1DC}.Debug|x86.ActiveCfg = Debug|Any CPU
		{251F821B-E496-4A30-8980-79BE1145B1DC}.Debug|x86.Build.0 = Debug|Any CPU
		{251F821B-E496-4A30-8980-79BE1145B1DC}.Release|Any CPU.ActiveCfg = Release|Any CPU
		{251F821B-E496-4A30-8980-79BE1145B1DC}.Release|Any CPU.Build.0 = Release|Any CPU
		{251F821B-E496-4A30-8980-79BE1145B1DC}.Release|ARM.ActiveCfg = Release|Any CPU
		{251F821B-E496-4A30-8980-79BE1145B1DC}.Release|ARM.Build.0 = Release|Any CPU
		{251F821B-E496-4A30-8980-79BE1145B1DC}.Release|iPhone.ActiveCfg = Release|Any CPU
		{251F821B-E496-4A30-8980-79BE1145B1DC}.Release|iPhone.Build.0 = Release|Any CPU
		{251F821B-E496-4A30-8980-79BE1145B1DC}.Release|iPhoneSimulator.ActiveCfg = Release|Any CPU
		{251F821B-E496-4A30-8980-79BE1145B1DC}.Release|iPhoneSimulator.Build.0 = Release|Any CPU
		{251F821B-E496-4A30-8980-79BE1145B1DC}.Release|x64.ActiveCfg = Release|Any CPU
		{251F821B-E496-4A30-8980-79BE1145B1DC}.Release|x64.Build.0 = Release|Any CPU
		{251F821B-E496-4A30-8980-79BE1145B1DC}.Release|x86.ActiveCfg = Release|Any CPU
		{251F821B-E496-4A30-8980-79BE1145B1DC}.Release|x86.Build.0 = Release|Any CPU
		{87024C35-FE1E-4397-A371-A307CBD5A31F}.Ad-Hoc|Any CPU.ActiveCfg = Release|x86
		{87024C35-FE1E-4397-A371-A307CBD5A31F}.Ad-Hoc|Any CPU.Build.0 = Release|x86
		{87024C35-FE1E-4397-A371-A307CBD5A31F}.Ad-Hoc|Any CPU.Deploy.0 = Release|x86
		{87024C35-FE1E-4397-A371-A307CBD5A31F}.Ad-Hoc|ARM.ActiveCfg = Release|ARM
		{87024C35-FE1E-4397-A371-A307CBD5A31F}.Ad-Hoc|ARM.Build.0 = Release|ARM
		{87024C35-FE1E-4397-A371-A307CBD5A31F}.Ad-Hoc|ARM.Deploy.0 = Release|ARM
		{87024C35-FE1E-4397-A371-A307CBD5A31F}.Ad-Hoc|iPhone.ActiveCfg = Release|x86
		{87024C35-FE1E-4397-A371-A307CBD5A31F}.Ad-Hoc|iPhone.Build.0 = Release|x86
		{87024C35-FE1E-4397-A371-A307CBD5A31F}.Ad-Hoc|iPhone.Deploy.0 = Release|x86
		{87024C35-FE1E-4397-A371-A307CBD5A31F}.Ad-Hoc|iPhoneSimulator.ActiveCfg = Release|x86
		{87024C35-FE1E-4397-A371-A307CBD5A31F}.Ad-Hoc|iPhoneSimulator.Build.0 = Release|x86
		{87024C35-FE1E-4397-A371-A307CBD5A31F}.Ad-Hoc|iPhoneSimulator.Deploy.0 = Release|x86
		{87024C35-FE1E-4397-A371-A307CBD5A31F}.Ad-Hoc|x64.ActiveCfg = Release|x64
		{87024C35-FE1E-4397-A371-A307CBD5A31F}.Ad-Hoc|x64.Build.0 = Release|x64
		{87024C35-FE1E-4397-A371-A307CBD5A31F}.Ad-Hoc|x64.Deploy.0 = Release|x64
		{87024C35-FE1E-4397-A371-A307CBD5A31F}.Ad-Hoc|x86.ActiveCfg = Release|x86
		{87024C35-FE1E-4397-A371-A307CBD5A31F}.Ad-Hoc|x86.Build.0 = Release|x86
		{87024C35-FE1E-4397-A371-A307CBD5A31F}.Ad-Hoc|x86.Deploy.0 = Release|x86
		{87024C35-FE1E-4397-A371-A307CBD5A31F}.AppStore|Any CPU.ActiveCfg = Release|x86
		{87024C35-FE1E-4397-A371-A307CBD5A31F}.AppStore|Any CPU.Build.0 = Release|x86
		{87024C35-FE1E-4397-A371-A307CBD5A31F}.AppStore|Any CPU.Deploy.0 = Release|x86
		{87024C35-FE1E-4397-A371-A307CBD5A31F}.AppStore|ARM.ActiveCfg = Release|ARM
		{87024C35-FE1E-4397-A371-A307CBD5A31F}.AppStore|ARM.Build.0 = Release|ARM
		{87024C35-FE1E-4397-A371-A307CBD5A31F}.AppStore|ARM.Deploy.0 = Release|ARM
		{87024C35-FE1E-4397-A371-A307CBD5A31F}.AppStore|iPhone.ActiveCfg = Release|x86
		{87024C35-FE1E-4397-A371-A307CBD5A31F}.AppStore|iPhone.Build.0 = Release|x86
		{87024C35-FE1E-4397-A371-A307CBD5A31F}.AppStore|iPhone.Deploy.0 = Release|x86
		{87024C35-FE1E-4397-A371-A307CBD5A31F}.AppStore|iPhoneSimulator.ActiveCfg = Release|x86
		{87024C35-FE1E-4397-A371-A307CBD5A31F}.AppStore|iPhoneSimulator.Build.0 = Release|x86
		{87024C35-FE1E-4397-A371-A307CBD5A31F}.AppStore|iPhoneSimulator.Deploy.0 = Release|x86
		{87024C35-FE1E-4397-A371-A307CBD5A31F}.AppStore|x64.ActiveCfg = Release|x64
		{87024C35-FE1E-4397-A371-A307CBD5A31F}.AppStore|x64.Build.0 = Release|x64
		{87024C35-FE1E-4397-A371-A307CBD5A31F}.AppStore|x64.Deploy.0 = Release|x64
		{87024C35-FE1E-4397-A371-A307CBD5A31F}.AppStore|x86.ActiveCfg = Release|x86
		{87024C35-FE1E-4397-A371-A307CBD5A31F}.AppStore|x86.Build.0 = Release|x86
		{87024C35-FE1E-4397-A371-A307CBD5A31F}.AppStore|x86.Deploy.0 = Release|x86
		{87024C35-FE1E-4397-A371-A307CBD5A31F}.Debug|Any CPU.ActiveCfg = Debug|x86
		{87024C35-FE1E-4397-A371-A307CBD5A31F}.Debug|ARM.ActiveCfg = Debug|ARM
		{87024C35-FE1E-4397-A371-A307CBD5A31F}.Debug|ARM.Build.0 = Debug|ARM
		{87024C35-FE1E-4397-A371-A307CBD5A31F}.Debug|ARM.Deploy.0 = Debug|ARM
		{87024C35-FE1E-4397-A371-A307CBD5A31F}.Debug|iPhone.ActiveCfg = Debug|x86
		{87024C35-FE1E-4397-A371-A307CBD5A31F}.Debug|iPhoneSimulator.ActiveCfg = Debug|x86
		{87024C35-FE1E-4397-A371-A307CBD5A31F}.Debug|x64.ActiveCfg = Debug|x64
		{87024C35-FE1E-4397-A371-A307CBD5A31F}.Debug|x64.Build.0 = Debug|x64
		{87024C35-FE1E-4397-A371-A307CBD5A31F}.Debug|x64.Deploy.0 = Debug|x64
		{87024C35-FE1E-4397-A371-A307CBD5A31F}.Debug|x86.ActiveCfg = Debug|x86
		{87024C35-FE1E-4397-A371-A307CBD5A31F}.Debug|x86.Build.0 = Debug|x86
		{87024C35-FE1E-4397-A371-A307CBD5A31F}.Debug|x86.Deploy.0 = Debug|x86
		{87024C35-FE1E-4397-A371-A307CBD5A31F}.Release|Any CPU.ActiveCfg = Release|x86
		{87024C35-FE1E-4397-A371-A307CBD5A31F}.Release|ARM.ActiveCfg = Release|ARM
		{87024C35-FE1E-4397-A371-A307CBD5A31F}.Release|ARM.Build.0 = Release|ARM
		{87024C35-FE1E-4397-A371-A307CBD5A31F}.Release|ARM.Deploy.0 = Release|ARM
		{87024C35-FE1E-4397-A371-A307CBD5A31F}.Release|iPhone.ActiveCfg = Release|x86
		{87024C35-FE1E-4397-A371-A307CBD5A31F}.Release|iPhoneSimulator.ActiveCfg = Release|x86
		{87024C35-FE1E-4397-A371-A307CBD5A31F}.Release|x64.ActiveCfg = Release|x64
		{87024C35-FE1E-4397-A371-A307CBD5A31F}.Release|x64.Build.0 = Release|x64
		{87024C35-FE1E-4397-A371-A307CBD5A31F}.Release|x64.Deploy.0 = Release|x64
		{87024C35-FE1E-4397-A371-A307CBD5A31F}.Release|x86.ActiveCfg = Release|x86
		{87024C35-FE1E-4397-A371-A307CBD5A31F}.Release|x86.Build.0 = Release|x86
		{87024C35-FE1E-4397-A371-A307CBD5A31F}.Release|x86.Deploy.0 = Release|x86
		{B4736BA9-67C2-4F30-B551-6A111B0A481B}.Ad-Hoc|Any CPU.ActiveCfg = Ad-Hoc|iPhone
		{B4736BA9-67C2-4F30-B551-6A111B0A481B}.Ad-Hoc|ARM.ActiveCfg = Ad-Hoc|iPhone
		{B4736BA9-67C2-4F30-B551-6A111B0A481B}.Ad-Hoc|iPhone.ActiveCfg = Ad-Hoc|iPhone
		{B4736BA9-67C2-4F30-B551-6A111B0A481B}.Ad-Hoc|iPhone.Build.0 = Ad-Hoc|iPhone
		{B4736BA9-67C2-4F30-B551-6A111B0A481B}.Ad-Hoc|iPhoneSimulator.ActiveCfg = Ad-Hoc|iPhoneSimulator
		{B4736BA9-67C2-4F30-B551-6A111B0A481B}.Ad-Hoc|iPhoneSimulator.Build.0 = Ad-Hoc|iPhoneSimulator
		{B4736BA9-67C2-4F30-B551-6A111B0A481B}.Ad-Hoc|x64.ActiveCfg = Ad-Hoc|iPhone
		{B4736BA9-67C2-4F30-B551-6A111B0A481B}.Ad-Hoc|x86.ActiveCfg = Ad-Hoc|iPhone
		{B4736BA9-67C2-4F30-B551-6A111B0A481B}.AppStore|Any CPU.ActiveCfg = AppStore|iPhone
		{B4736BA9-67C2-4F30-B551-6A111B0A481B}.AppStore|ARM.ActiveCfg = AppStore|iPhone
		{B4736BA9-67C2-4F30-B551-6A111B0A481B}.AppStore|iPhone.ActiveCfg = AppStore|iPhone
		{B4736BA9-67C2-4F30-B551-6A111B0A481B}.AppStore|iPhone.Build.0 = AppStore|iPhone
		{B4736BA9-67C2-4F30-B551-6A111B0A481B}.AppStore|iPhoneSimulator.ActiveCfg = AppStore|iPhoneSimulator
		{B4736BA9-67C2-4F30-B551-6A111B0A481B}.AppStore|iPhoneSimulator.Build.0 = AppStore|iPhoneSimulator
		{B4736BA9-67C2-4F30-B551-6A111B0A481B}.AppStore|x64.ActiveCfg = AppStore|iPhone
		{B4736BA9-67C2-4F30-B551-6A111B0A481B}.AppStore|x86.ActiveCfg = AppStore|iPhone
		{B4736BA9-67C2-4F30-B551-6A111B0A481B}.Debug|Any CPU.ActiveCfg = Debug|iPhone
		{B4736BA9-67C2-4F30-B551-6A111B0A481B}.Debug|ARM.ActiveCfg = Debug|iPhone
		{B4736BA9-67C2-4F30-B551-6A111B0A481B}.Debug|iPhone.ActiveCfg = Debug|iPhone
		{B4736BA9-67C2-4F30-B551-6A111B0A481B}.Debug|iPhone.Build.0 = Debug|iPhone
		{B4736BA9-67C2-4F30-B551-6A111B0A481B}.Debug|iPhoneSimulator.ActiveCfg = Debug|iPhoneSimulator
		{B4736BA9-67C2-4F30-B551-6A111B0A481B}.Debug|iPhoneSimulator.Build.0 = Debug|iPhoneSimulator
		{B4736BA9-67C2-4F30-B551-6A111B0A481B}.Debug|x64.ActiveCfg = Debug|iPhone
		{B4736BA9-67C2-4F30-B551-6A111B0A481B}.Debug|x86.ActiveCfg = Debug|iPhone
		{B4736BA9-67C2-4F30-B551-6A111B0A481B}.Release|Any CPU.ActiveCfg = Release|iPhone
		{B4736BA9-67C2-4F30-B551-6A111B0A481B}.Release|ARM.ActiveCfg = Release|iPhone
		{B4736BA9-67C2-4F30-B551-6A111B0A481B}.Release|iPhone.ActiveCfg = Release|iPhone
		{B4736BA9-67C2-4F30-B551-6A111B0A481B}.Release|iPhone.Build.0 = Release|iPhone
		{B4736BA9-67C2-4F30-B551-6A111B0A481B}.Release|iPhoneSimulator.ActiveCfg = Release|iPhoneSimulator
		{B4736BA9-67C2-4F30-B551-6A111B0A481B}.Release|iPhoneSimulator.Build.0 = Release|iPhoneSimulator
		{B4736BA9-67C2-4F30-B551-6A111B0A481B}.Release|x64.ActiveCfg = Release|iPhone
		{B4736BA9-67C2-4F30-B551-6A111B0A481B}.Release|x86.ActiveCfg = Release|iPhone
	EndGlobalSection
	GlobalSection(SolutionProperties) = preSolution
		HideSolutionNode = FALSE
	EndGlobalSection
EndGlobal
